
Microsoft Visual Studio Solution File, Format Version 12.00
# Visual Studio Version 17
VisualStudioVersion = 17.5.002.0
MinimumVisualStudioVersion = 10.0.40219.1
Project("{9A19103F-16F7-4668-BE54-9A1E7A4F7556}") = "NEAWebsite", "NEAWebsite.csproj", "{66E5A621-C9A6-439D-B5FC-ADCA9D4ED2E3}"
EndProject
Project("{FAE04EC0-301F-11D3-BF4B-00C04F79EFBC}") = "NEAPI", "..\NEA API\NEAPI.csproj", "{87421131-6DBA-4E76-84DD-B43FAA3D2FBA}"
EndProject
Global
	GlobalSection(SolutionConfigurationPlatforms) = preSolution
		Debug|Any CPU = Debug|Any CPU
		Release|Any CPU = Release|Any CPU
	EndGlobalSection
	GlobalSection(ProjectConfigurationPlatforms) = postSolution
		{66E5A621-C9A6-439D-B5FC-ADCA9D4ED2E3}.Debug|Any CPU.ActiveCfg = Debug|Any CPU
		{66E5A621-C9A6-439D-B5FC-ADCA9D4ED2E3}.Debug|Any CPU.Build.0 = Debug|Any CPU
		{66E5A621-C9A6-439D-B5FC-ADCA9D4ED2E3}.Release|Any CPU.ActiveCfg = Release|Any CPU
		{66E5A621-C9A6-439D-B5FC-ADCA9D4ED2E3}.Release|Any CPU.Build.0 = Release|Any CPU
		{87421131-6DBA-4E76-84DD-B43FAA3D2FBA}.Debug|Any CPU.ActiveCfg = Debug|Any CPU
		{87421131-6DBA-4E76-84DD-B43FAA3D2FBA}.Debug|Any CPU.Build.0 = Debug|Any CPU
		{87421131-6DBA-4E76-84DD-B43FAA3D2FBA}.Release|Any CPU.ActiveCfg = Release|Any CPU
		{87421131-6DBA-4E76-84DD-B43FAA3D2FBA}.Release|Any CPU.Build.0 = Release|Any CPU
	EndGlobalSection
	GlobalSection(SolutionProperties) = preSolution
		HideSolutionNode = FALSE
	EndGlobalSection
	GlobalSection(ExtensibilityGlobals) = postSolution
		SolutionGuid = {220FCB6A-4ACC-4495-9E83-A474A5A5AF12}
	EndGlobalSection
EndGlobal
